
Microsoft Visual Studio Solution File, Format Version 12.00
# Visual Studio 14
VisualStudioVersion = 14.0.25420.1
MinimumVisualStudioVersion = 10.0.40219.1
Project("{FAE04EC0-301F-11D3-BF4B-00C04F79EFBC}") = "ChartPoints", "ChartPoints\ChartPoints.csproj", "{0F68F55B-BC27-452D-A544-51D064978F33}"
	ProjectSection(ProjectDependencies) = postProject
		{449B3905-9540-4BD1-A920-D47092C6520A} = {449B3905-9540-4BD1-A920-D47092C6520A}
		{840F9864-1D14-4301-9971-30698DF11928} = {840F9864-1D14-4301-9971-30698DF11928}
	EndProjectSection
EndProject
Project("{FAE04EC0-301F-11D3-BF4B-00C04F79EFBC}") = "ChartPointsTests", "ChartPointsTests\ChartPointsTests.csproj", "{F1618B7C-5823-4672-A287-7B4A44BF1CD8}"
EndProject
Project("{FAE04EC0-301F-11D3-BF4B-00C04F79EFBC}") = "CPInstrBuildTask", "CPInstrBuildTask\CPInstrBuildTask.csproj", "{449B3905-9540-4BD1-A920-D47092C6520A}"
EndProject
Project("{FAE04EC0-301F-11D3-BF4B-00C04F79EFBC}") = "ChartPointsInstrTests", "ChartPointsInstrTests\ChartPointsInstrTests.csproj", "{BC510CD9-84D0-43CE-9F92-65890BBC6ABD}"
	ProjectSection(ProjectDependencies) = postProject
		{449B3905-9540-4BD1-A920-D47092C6520A} = {449B3905-9540-4BD1-A920-D47092C6520A}
	EndProjectSection
EndProject
Project("{FAE04EC0-301F-11D3-BF4B-00C04F79EFBC}") = "ChartPointsLib", "ChartPointsLib\ChartPointsLib.csproj", "{82A926D0-46E9-42D7-80C2-FF4F14F467AD}"
	ProjectSection(ProjectDependencies) = postProject
		{840F9864-1D14-4301-9971-30698DF11928} = {840F9864-1D14-4301-9971-30698DF11928}
	EndProjectSection
EndProject
Project("{2150E333-8FDC-42A3-9474-1A3956D46DE8}") = "Tests", "Tests", "{8E42B197-3564-414F-8B07-DCE0844827F3}"
EndProject
Project("{8BC9CEB8-8B4A-11D0-8D11-00A0C91BC942}") = "cpti", "cpti\cpti.vcxproj", "{57ED0155-79D6-4C6A-BA08-796BA1F24EF4}"
	ProjectSection(ProjectDependencies) = postProject
		{840F9864-1D14-4301-9971-30698DF11928} = {840F9864-1D14-4301-9971-30698DF11928}
	EndProjectSection
EndProject
Project("{8BC9CEB8-8B4A-11D0-8D11-00A0C91BC942}") = "cpti64", "cpti64\cpti64.vcxproj", "{AFAB5EC2-1049-489F-A7E8-A9810E3D7EB3}"
	ProjectSection(ProjectDependencies) = postProject
		{840F9864-1D14-4301-9971-30698DF11928} = {840F9864-1D14-4301-9971-30698DF11928}
	EndProjectSection
EndProject
Project("{8BC9CEB8-8B4A-11D0-8D11-00A0C91BC942}") = "CPTracer", "CPTracer\CPTracer.vcxproj", "{840F9864-1D14-4301-9971-30698DF11928}"
EndProject
Global
	GlobalSection(SolutionConfigurationPlatforms) = preSolution
		Debug|Any CPU = Debug|Any CPU
		Debug|x64 = Debug|x64
		Debug|x86 = Debug|x86
		Release|Any CPU = Release|Any CPU
		Release|x64 = Release|x64
		Release|x86 = Release|x86
	EndGlobalSection
	GlobalSection(ProjectConfigurationPlatforms) = postSolution
		{0F68F55B-BC27-452D-A544-51D064978F33}.Debug|Any CPU.ActiveCfg = Debug|Any CPU
		{0F68F55B-BC27-452D-A544-51D064978F33}.Debug|Any CPU.Build.0 = Debug|Any CPU
		{0F68F55B-BC27-452D-A544-51D064978F33}.Debug|x64.ActiveCfg = Debug|Any CPU
		{0F68F55B-BC27-452D-A544-51D064978F33}.Debug|x64.Build.0 = Debug|Any CPU
		{0F68F55B-BC27-452D-A544-51D064978F33}.Debug|x86.ActiveCfg = Debug|Any CPU
		{0F68F55B-BC27-452D-A544-51D064978F33}.Debug|x86.Build.0 = Debug|Any CPU
		{0F68F55B-BC27-452D-A544-51D064978F33}.Release|Any CPU.ActiveCfg = Release|Any CPU
		{0F68F55B-BC27-452D-A544-51D064978F33}.Release|Any CPU.Build.0 = Release|Any CPU
		{0F68F55B-BC27-452D-A544-51D064978F33}.Release|x64.ActiveCfg = Release|Any CPU
		{0F68F55B-BC27-452D-A544-51D064978F33}.Release|x64.Build.0 = Release|Any CPU
		{0F68F55B-BC27-452D-A544-51D064978F33}.Release|x86.ActiveCfg = Release|Any CPU
		{0F68F55B-BC27-452D-A544-51D064978F33}.Release|x86.Build.0 = Release|Any CPU
		{F1618B7C-5823-4672-A287-7B4A44BF1CD8}.Debug|Any CPU.ActiveCfg = Debug|Any CPU
		{F1618B7C-5823-4672-A287-7B4A44BF1CD8}.Debug|Any CPU.Build.0 = Debug|Any CPU
		{F1618B7C-5823-4672-A287-7B4A44BF1CD8}.Debug|x64.ActiveCfg = Debug|Any CPU
		{F1618B7C-5823-4672-A287-7B4A44BF1CD8}.Debug|x86.ActiveCfg = Debug|Any CPU
		{F1618B7C-5823-4672-A287-7B4A44BF1CD8}.Release|Any CPU.ActiveCfg = Release|Any CPU
		{F1618B7C-5823-4672-A287-7B4A44BF1CD8}.Release|Any CPU.Build.0 = Release|Any CPU
		{F1618B7C-5823-4672-A287-7B4A44BF1CD8}.Release|x64.ActiveCfg = Release|Any CPU
		{F1618B7C-5823-4672-A287-7B4A44BF1CD8}.Release|x86.ActiveCfg = Release|Any CPU
		{449B3905-9540-4BD1-A920-D47092C6520A}.Debug|Any CPU.ActiveCfg = Debug|Any CPU
		{449B3905-9540-4BD1-A920-D47092C6520A}.Debug|Any CPU.Build.0 = Debug|Any CPU
		{449B3905-9540-4BD1-A920-D47092C6520A}.Debug|x64.ActiveCfg = Debug|Any CPU
		{449B3905-9540-4BD1-A920-D47092C6520A}.Debug|x64.Build.0 = Debug|Any CPU
		{449B3905-9540-4BD1-A920-D47092C6520A}.Debug|x86.ActiveCfg = Debug|Any CPU
		{449B3905-9540-4BD1-A920-D47092C6520A}.Debug|x86.Build.0 = Debug|Any CPU
		{449B3905-9540-4BD1-A920-D47092C6520A}.Release|Any CPU.ActiveCfg = Release|Any CPU
		{449B3905-9540-4BD1-A920-D47092C6520A}.Release|Any CPU.Build.0 = Release|Any CPU
		{449B3905-9540-4BD1-A920-D47092C6520A}.Release|x64.ActiveCfg = Release|Any CPU
		{449B3905-9540-4BD1-A920-D47092C6520A}.Release|x64.Build.0 = Release|Any CPU
		{449B3905-9540-4BD1-A920-D47092C6520A}.Release|x86.ActiveCfg = Release|Any CPU
		{449B3905-9540-4BD1-A920-D47092C6520A}.Release|x86.Build.0 = Release|Any CPU
		{BC510CD9-84D0-43CE-9F92-65890BBC6ABD}.Debug|Any CPU.ActiveCfg = Debug|Any CPU
		{BC510CD9-84D0-43CE-9F92-65890BBC6ABD}.Debug|Any CPU.Build.0 = Debug|Any CPU
		{BC510CD9-84D0-43CE-9F92-65890BBC6ABD}.Debug|x64.ActiveCfg = Debug|Any CPU
		{BC510CD9-84D0-43CE-9F92-65890BBC6ABD}.Debug|x86.ActiveCfg = Debug|Any CPU
		{BC510CD9-84D0-43CE-9F92-65890BBC6ABD}.Release|Any CPU.ActiveCfg = Release|Any CPU
		{BC510CD9-84D0-43CE-9F92-65890BBC6ABD}.Release|Any CPU.Build.0 = Release|Any CPU
		{BC510CD9-84D0-43CE-9F92-65890BBC6ABD}.Release|x64.ActiveCfg = Release|Any CPU
		{BC510CD9-84D0-43CE-9F92-65890BBC6ABD}.Release|x86.ActiveCfg = Release|Any CPU
		{82A926D0-46E9-42D7-80C2-FF4F14F467AD}.Debug|Any CPU.ActiveCfg = Debug|Any CPU
		{82A926D0-46E9-42D7-80C2-FF4F14F467AD}.Debug|Any CPU.Build.0 = Debug|Any CPU
		{82A926D0-46E9-42D7-80C2-FF4F14F467AD}.Debug|x64.ActiveCfg = Debug|Any CPU
		{82A926D0-46E9-42D7-80C2-FF4F14F467AD}.Debug|x64.Build.0 = Debug|Any CPU
		{82A926D0-46E9-42D7-80C2-FF4F14F467AD}.Debug|x86.ActiveCfg = Debug|Any CPU
		{82A926D0-46E9-42D7-80C2-FF4F14F467AD}.Debug|x86.Build.0 = Debug|Any CPU
		{82A926D0-46E9-42D7-80C2-FF4F14F467AD}.Release|Any CPU.ActiveCfg = Release|Any CPU
		{82A926D0-46E9-42D7-80C2-FF4F14F467AD}.Release|Any CPU.Build.0 = Release|Any CPU
		{82A926D0-46E9-42D7-80C2-FF4F14F467AD}.Release|x64.ActiveCfg = Release|Any CPU
		{82A926D0-46E9-42D7-80C2-FF4F14F467AD}.Release|x64.Build.0 = Release|Any CPU
		{82A926D0-46E9-42D7-80C2-FF4F14F467AD}.Release|x86.ActiveCfg = Release|Any CPU
		{82A926D0-46E9-42D7-80C2-FF4F14F467AD}.Release|x86.Build.0 = Release|Any CPU
		{57ED0155-79D6-4C6A-BA08-796BA1F24EF4}.Debug|Any CPU.ActiveCfg = Debug|Win32
		{57ED0155-79D6-4C6A-BA08-796BA1F24EF4}.Debug|x64.ActiveCfg = Debug|x64
		{57ED0155-79D6-4C6A-BA08-796BA1F24EF4}.Debug|x64.Build.0 = Debug|x64
		{57ED0155-79D6-4C6A-BA08-796BA1F24EF4}.Debug|x86.ActiveCfg = Debug|Win32
		{57ED0155-79D6-4C6A-BA08-796BA1F24EF4}.Debug|x86.Build.0 = Debug|Win32
		{57ED0155-79D6-4C6A-BA08-796BA1F24EF4}.Release|Any CPU.ActiveCfg = Release|Win32
		{57ED0155-79D6-4C6A-BA08-796BA1F24EF4}.Release|x64.ActiveCfg = Release|x64
		{57ED0155-79D6-4C6A-BA08-796BA1F24EF4}.Release|x64.Build.0 = Release|x64
		{57ED0155-79D6-4C6A-BA08-796BA1F24EF4}.Release|x86.ActiveCfg = Release|Win32
		{57ED0155-79D6-4C6A-BA08-796BA1F24EF4}.Release|x86.Build.0 = Release|Win32
		{AFAB5EC2-1049-489F-A7E8-A9810E3D7EB3}.Debug|Any CPU.ActiveCfg = Debug|Win32
		{AFAB5EC2-1049-489F-A7E8-A9810E3D7EB3}.Debug|x64.ActiveCfg = Debug|x64
		{AFAB5EC2-1049-489F-A7E8-A9810E3D7EB3}.Debug|x64.Build.0 = Debug|x64
		{AFAB5EC2-1049-489F-A7E8-A9810E3D7EB3}.Debug|x86.ActiveCfg = Debug|x64
		{AFAB5EC2-1049-489F-A7E8-A9810E3D7EB3}.Debug|x86.Build.0 = Debug|x64
		{AFAB5EC2-1049-489F-A7E8-A9810E3D7EB3}.Release|Any CPU.ActiveCfg = Release|Win32
		{AFAB5EC2-1049-489F-A7E8-A9810E3D7EB3}.Release|x64.ActiveCfg = Release|x64
		{AFAB5EC2-1049-489F-A7E8-A9810E3D7EB3}.Release|x64.Build.0 = Release|x64
		{AFAB5EC2-1049-489F-A7E8-A9810E3D7EB3}.Release|x86.ActiveCfg = Release|x64
		{AFAB5EC2-1049-489F-A7E8-A9810E3D7EB3}.Release|x86.Build.0 = Release|x64
		{840F9864-1D14-4301-9971-30698DF11928}.Debug|Any CPU.ActiveCfg = Debug|Win32
		{840F9864-1D14-4301-9971-30698DF11928}.Debug|x64.ActiveCfg = Debug|x64
		{840F9864-1D14-4301-9971-30698DF11928}.Debug|x64.Build.0 = Debug|x64
		{840F9864-1D14-4301-9971-30698DF11928}.Debug|x86.ActiveCfg = Debug|Win32
		{840F9864-1D14-4301-9971-30698DF11928}.Debug|x86.Build.0 = Debug|Win32
		{840F9864-1D14-4301-9971-30698DF11928}.Release|Any CPU.ActiveCfg = Release|Win32
		{840F9864-1D14-4301-9971-30698DF11928}.Release|x64.ActiveCfg = Release|x64
		{840F9864-1D14-4301-9971-30698DF11928}.Release|x64.Build.0 = Release|x64
		{840F9864-1D14-4301-9971-30698DF11928}.Release|x86.ActiveCfg = Release|Win32
		{840F9864-1D14-4301-9971-30698DF11928}.Release|x86.Build.0 = Release|Win32
	EndGlobalSection
	GlobalSection(SolutionProperties) = preSolution
		HideSolutionNode = FALSE
	EndGlobalSection
	GlobalSection(NestedProjects) = preSolution
		{F1618B7C-5823-4672-A287-7B4A44BF1CD8} = {8E42B197-3564-414F-8B07-DCE0844827F3}
		{BC510CD9-84D0-43CE-9F92-65890BBC6ABD} = {8E42B197-3564-414F-8B07-DCE0844827F3}
	EndGlobalSection
EndGlobal
