
Microsoft Visual Studio Solution File, Format Version 12.00
# Visual Studio 14
VisualStudioVersion = 14.0.25420.1
MinimumVisualStudioVersion = 10.0.40219.1
Project("{FAE04EC0-301F-11D3-BF4B-00C04F79EFBC}") = "ChartPoints", "ChartPoints\ChartPoints.csproj", "{0F68F55B-BC27-452D-A544-51D064978F33}"
EndProject
Project("{FAE04EC0-301F-11D3-BF4B-00C04F79EFBC}") = "ChartPointsTests", "ChartPointsTests\ChartPointsTests.csproj", "{F1618B7C-5823-4672-A287-7B4A44BF1CD8}"
EndProject
Project("{FAE04EC0-301F-11D3-BF4B-00C04F79EFBC}") = "CPInstrBuildTask", "CPInstrBuildTask\CPInstrBuildTask.csproj", "{449B3905-9540-4BD1-A920-D47092C6520A}"
EndProject
Project("{FAE04EC0-301F-11D3-BF4B-00C04F79EFBC}") = "ChartPointsInstrTests", "ChartPointsInstrTests\ChartPointsInstrTests.csproj", "{BC510CD9-84D0-43CE-9F92-65890BBC6ABD}"
EndProject
Project("{FAE04EC0-301F-11D3-BF4B-00C04F79EFBC}") = "ChartPointsLib", "ChartPointsLib\ChartPointsLib.csproj", "{82A926D0-46E9-42D7-80C2-FF4F14F467AD}"
EndProject
Global
	GlobalSection(SolutionConfigurationPlatforms) = preSolution
		Debug|Any CPU = Debug|Any CPU
		Release|Any CPU = Release|Any CPU
	EndGlobalSection
	GlobalSection(ProjectConfigurationPlatforms) = postSolution
		{0F68F55B-BC27-452D-A544-51D064978F33}.Debug|Any CPU.ActiveCfg = Debug|Any CPU
		{0F68F55B-BC27-452D-A544-51D064978F33}.Debug|Any CPU.Build.0 = Debug|Any CPU
		{0F68F55B-BC27-452D-A544-51D064978F33}.Release|Any CPU.ActiveCfg = Release|Any CPU
		{0F68F55B-BC27-452D-A544-51D064978F33}.Release|Any CPU.Build.0 = Release|Any CPU
		{F1618B7C-5823-4672-A287-7B4A44BF1CD8}.Debug|Any CPU.ActiveCfg = Debug|Any CPU
		{F1618B7C-5823-4672-A287-7B4A44BF1CD8}.Debug|Any CPU.Build.0 = Debug|Any CPU
		{F1618B7C-5823-4672-A287-7B4A44BF1CD8}.Release|Any CPU.ActiveCfg = Release|Any CPU
		{F1618B7C-5823-4672-A287-7B4A44BF1CD8}.Release|Any CPU.Build.0 = Release|Any CPU
		{449B3905-9540-4BD1-A920-D47092C6520A}.Debug|Any CPU.ActiveCfg = Debug|Any CPU
		{449B3905-9540-4BD1-A920-D47092C6520A}.Debug|Any CPU.Build.0 = Debug|Any CPU
		{449B3905-9540-4BD1-A920-D47092C6520A}.Release|Any CPU.ActiveCfg = Release|Any CPU
		{449B3905-9540-4BD1-A920-D47092C6520A}.Release|Any CPU.Build.0 = Release|Any CPU
		{BC510CD9-84D0-43CE-9F92-65890BBC6ABD}.Debug|Any CPU.ActiveCfg = Debug|Any CPU
		{BC510CD9-84D0-43CE-9F92-65890BBC6ABD}.Debug|Any CPU.Build.0 = Debug|Any CPU
		{BC510CD9-84D0-43CE-9F92-65890BBC6ABD}.Release|Any CPU.ActiveCfg = Release|Any CPU
		{BC510CD9-84D0-43CE-9F92-65890BBC6ABD}.Release|Any CPU.Build.0 = Release|Any CPU
		{82A926D0-46E9-42D7-80C2-FF4F14F467AD}.Debug|Any CPU.ActiveCfg = Debug|Any CPU
		{82A926D0-46E9-42D7-80C2-FF4F14F467AD}.Debug|Any CPU.Build.0 = Debug|Any CPU
		{82A926D0-46E9-42D7-80C2-FF4F14F467AD}.Release|Any CPU.ActiveCfg = Release|Any CPU
		{82A926D0-46E9-42D7-80C2-FF4F14F467AD}.Release|Any CPU.Build.0 = Release|Any CPU
	EndGlobalSection
	GlobalSection(SolutionProperties) = preSolution
		HideSolutionNode = FALSE
	EndGlobalSection
EndGlobal
